// !$*UTF8*$!
{
	archiveVersion = 1;
	classes = {
	};
	objectVersion = 77;
	objects = {

/* Begin PBXContainerItemProxy section */
		CF03267B2CC56E76001B8882 /* PBXContainerItemProxy */ = {
			isa = PBXContainerItemProxy;
			containerPortal = CF0326622CC56E75001B8882 /* Project object */;
			proxyType = 1;
			remoteGlobalIDString = CF0326692CC56E75001B8882;
			remoteInfo = "choreChamp-V2";
		};
		CF0326852CC56E76001B8882 /* PBXContainerItemProxy */ = {
			isa = PBXContainerItemProxy;
			containerPortal = CF0326622CC56E75001B8882 /* Project object */;
			proxyType = 1;
			remoteGlobalIDString = CF0326692CC56E75001B8882;
			remoteInfo = "choreChamp-V2";
		};
/* End PBXContainerItemProxy section */

/* Begin PBXFileReference section */
		CF03266A2CC56E75001B8882 /* choreChamp-V2.app */ = {isa = PBXFileReference; explicitFileType = wrapper.application; includeInIndex = 0; path = "choreChamp-V2.app"; sourceTree = BUILT_PRODUCTS_DIR; };
		CF03267A2CC56E76001B8882 /* choreChamp-V2Tests.xctest */ = {isa = PBXFileReference; explicitFileType = wrapper.cfbundle; includeInIndex = 0; path = "choreChamp-V2Tests.xctest"; sourceTree = BUILT_PRODUCTS_DIR; };
		CF0326842CC56E76001B8882 /* choreChamp-V2UITests.xctest */ = {isa = PBXFileReference; explicitFileType = wrapper.cfbundle; includeInIndex = 0; path = "choreChamp-V2UITests.xctest"; sourceTree = BUILT_PRODUCTS_DIR; };
/* End PBXFileReference section */

/* Begin PBXFileSystemSynchronizedRootGroup section */
		CF03266C2CC56E75001B8882 /* choreChamp-V2 */ = {
			isa = PBXFileSystemSynchronizedRootGroup;
			path = "choreChamp-V2";
			sourceTree = "<group>";
		};
		CF03267D2CC56E76001B8882 /* choreChamp-V2Tests */ = {
			isa = PBXFileSystemSynchronizedRootGroup;
			path = "choreChamp-V2Tests";
			sourceTree = "<group>";
		};
		CF0326872CC56E76001B8882 /* choreChamp-V2UITests */ = {
			isa = PBXFileSystemSynchronizedRootGroup;
			path = "choreChamp-V2UITests";
			sourceTree = "<group>";
		};
/* End PBXFileSystemSynchronizedRootGroup section */

/* Begin PBXFrameworksBuildPhase section */
		CF0326672CC56E75001B8882 /* Frameworks */ = {
			isa = PBXFrameworksBuildPhase;
			buildActionMask = 2147483647;
			files = (
			);
			runOnlyForDeploymentPostprocessing = 0;
		};
		CF0326772CC56E76001B8882 /* Frameworks */ = {
			isa = PBXFrameworksBuildPhase;
			buildActionMask = 2147483647;
			files = (
			);
			runOnlyForDeploymentPostprocessing = 0;
		};
		CF0326812CC56E76001B8882 /* Frameworks */ = {
			isa = PBXFrameworksBuildPhase;
			buildActionMask = 2147483647;
			files = (
			);
			runOnlyForDeploymentPostprocessing = 0;
		};
/* End PBXFrameworksBuildPhase section */

/* Begin PBXGroup section */
		CF0326612CC56E75001B8882 = {
			isa = PBXGroup;
			children = (
				CF03266C2CC56E75001B8882 /* choreChamp-V2 */,
				CF03267D2CC56E76001B8882 /* choreChamp-V2Tests */,
				CF0326872CC56E76001B8882 /* choreChamp-V2UITests */,
				CF03266B2CC56E75001B8882 /* Products */,
			);
			sourceTree = "<group>";
		};
		CF03266B2CC56E75001B8882 /* Products */ = {
			isa = PBXGroup;
			children = (
				CF03266A2CC56E75001B8882 /* choreChamp-V2.app */,
				CF03267A2CC56E76001B8882 /* choreChamp-V2Tests.xctest */,
				CF0326842CC56E76001B8882 /* choreChamp-V2UITests.xctest */,
			);
			name = Products;
			sourceTree = "<group>";
		};
/* End PBXGroup section */

/* Begin PBXNativeTarget section */
		CF0326692CC56E75001B8882 /* choreChamp-V2 */ = {
			isa = PBXNativeTarget;
			buildConfigurationList = CF03268E2CC56E76001B8882 /* Build configuration list for PBXNativeTarget "choreChamp-V2" */;
			buildPhases = (
				CF0326662CC56E75001B8882 /* Sources */,
				CF0326672CC56E75001B8882 /* Frameworks */,
				CF0326682CC56E75001B8882 /* Resources */,
			);
			buildRules = (
			);
			dependencies = (
			);
			fileSystemSynchronizedGroups = (
				CF03266C2CC56E75001B8882 /* choreChamp-V2 */,
			);
			name = "choreChamp-V2";
			packageProductDependencies = (
			);
			productName = "choreChamp-V2";
			productReference = CF03266A2CC56E75001B8882 /* choreChamp-V2.app */;
			productType = "com.apple.product-type.application";
		};
		CF0326792CC56E76001B8882 /* choreChamp-V2Tests */ = {
			isa = PBXNativeTarget;
			buildConfigurationList = CF0326912CC56E76001B8882 /* Build configuration list for PBXNativeTarget "choreChamp-V2Tests" */;
			buildPhases = (
				CF0326762CC56E76001B8882 /* Sources */,
				CF0326772CC56E76001B8882 /* Frameworks */,
				CF0326782CC56E76001B8882 /* Resources */,
			);
			buildRules = (
			);
			dependencies = (
				CF03267C2CC56E76001B8882 /* PBXTargetDependency */,
			);
			fileSystemSynchronizedGroups = (
				CF03267D2CC56E76001B8882 /* choreChamp-V2Tests */,
			);
			name = "choreChamp-V2Tests";
			packageProductDependencies = (
			);
			productName = "choreChamp-V2Tests";
			productReference = CF03267A2CC56E76001B8882 /* choreChamp-V2Tests.xctest */;
			productType = "com.apple.product-type.bundle.unit-test";
		};
		CF0326832CC56E76001B8882 /* choreChamp-V2UITests */ = {
			isa = PBXNativeTarget;
			buildConfigurationList = CF0326942CC56E76001B8882 /* Build configuration list for PBXNativeTarget "choreChamp-V2UITests" */;
			buildPhases = (
				CF0326802CC56E76001B8882 /* Sources */,
				CF0326812CC56E76001B8882 /* Frameworks */,
				CF0326822CC56E76001B8882 /* Resources */,
			);
			buildRules = (
			);
			dependencies = (
				CF0326862CC56E76001B8882 /* PBXTargetDependency */,
			);
			fileSystemSynchronizedGroups = (
				CF0326872CC56E76001B8882 /* choreChamp-V2UITests */,
			);
			name = "choreChamp-V2UITests";
			packageProductDependencies = (
			);
			productName = "choreChamp-V2UITests";
			productReference = CF0326842CC56E76001B8882 /* choreChamp-V2UITests.xctest */;
			productType = "com.apple.product-type.bundle.ui-testing";
		};
/* End PBXNativeTarget section */

/* Begin PBXProject section */
		CF0326622CC56E75001B8882 /* Project object */ = {
			isa = PBXProject;
			attributes = {
				BuildIndependentTargetsInParallel = 1;
				LastSwiftUpdateCheck = 1600;
				LastUpgradeCheck = 1600;
				TargetAttributes = {
					CF0326692CC56E75001B8882 = {
						CreatedOnToolsVersion = 16.0;
					};
					CF0326792CC56E76001B8882 = {
						CreatedOnToolsVersion = 16.0;
						TestTargetID = CF0326692CC56E75001B8882;
					};
					CF0326832CC56E76001B8882 = {
						CreatedOnToolsVersion = 16.0;
						TestTargetID = CF0326692CC56E75001B8882;
					};
				};
			};
			buildConfigurationList = CF0326652CC56E75001B8882 /* Build configuration list for PBXProject "choreChamp-V2" */;
			developmentRegion = en;
			hasScannedForEncodings = 0;
			knownRegions = (
				en,
				Base,
			);
			mainGroup = CF0326612CC56E75001B8882;
			minimizedProjectReferenceProxies = 1;
			preferredProjectObjectVersion = 77;
			productRefGroup = CF03266B2CC56E75001B8882 /* Products */;
			projectDirPath = "";
			projectRoot = "";
			targets = (
				CF0326692CC56E75001B8882 /* choreChamp-V2 */,
				CF0326792CC56E76001B8882 /* choreChamp-V2Tests */,
				CF0326832CC56E76001B8882 /* choreChamp-V2UITests */,
			);
		};
/* End PBXProject section */

/* Begin PBXResourcesBuildPhase section */
		CF0326682CC56E75001B8882 /* Resources */ = {
			isa = PBXResourcesBuildPhase;
			buildActionMask = 2147483647;
			files = (
			);
			runOnlyForDeploymentPostprocessing = 0;
		};
		CF0326782CC56E76001B8882 /* Resources */ = {
			isa = PBXResourcesBuildPhase;
			buildActionMask = 2147483647;
			files = (
			);
			runOnlyForDeploymentPostprocessing = 0;
		};
		CF0326822CC56E76001B8882 /* Resources */ = {
			isa = PBXResourcesBuildPhase;
			buildActionMask = 2147483647;
			files = (
			);
			runOnlyForDeploymentPostprocessing = 0;
		};
/* End PBXResourcesBuildPhase section */

/* Begin PBXSourcesBuildPhase section */
		CF0326662CC56E75001B8882 /* Sources */ = {
			isa = PBXSourcesBuildPhase;
			buildActionMask = 2147483647;
			files = (
			);
			runOnlyForDeploymentPostprocessing = 0;
		};
		CF0326762CC56E76001B8882 /* Sources */ = {
			isa = PBXSourcesBuildPhase;
			buildActionMask = 2147483647;
			files = (
			);
			runOnlyForDeploymentPostprocessing = 0;
		};
		CF0326802CC56E76001B8882 /* Sources */ = {
			isa = PBXSourcesBuildPhase;
			buildActionMask = 2147483647;
			files = (
			);
			runOnlyForDeploymentPostprocessing = 0;
		};
/* End PBXSourcesBuildPhase section */

/* Begin PBXTargetDependency section */
		CF03267C2CC56E76001B8882 /* PBXTargetDependency */ = {
			isa = PBXTargetDependency;
			target = CF0326692CC56E75001B8882 /* choreChamp-V2 */;
			targetProxy = CF03267B2CC56E76001B8882 /* PBXContainerItemProxy */;
		};
		CF0326862CC56E76001B8882 /* PBXTargetDependency */ = {
			isa = PBXTargetDependency;
			target = CF0326692CC56E75001B8882 /* choreChamp-V2 */;
			targetProxy = CF0326852CC56E76001B8882 /* PBXContainerItemProxy */;
		};
/* End PBXTargetDependency section */

/* Begin XCBuildConfiguration section */
		CF03268C2CC56E76001B8882 /* Debug */ = {
			isa = XCBuildConfiguration;
			buildSettings = {
				ALWAYS_SEARCH_USER_PATHS = NO;
				ASSETCATALOG_COMPILER_GENERATE_SWIFT_ASSET_SYMBOL_EXTENSIONS = YES;
				CLANG_ANALYZER_NONNULL = YES;
				CLANG_ANALYZER_NUMBER_OBJECT_CONVERSION = YES_AGGRESSIVE;
				CLANG_CXX_LANGUAGE_STANDARD = "gnu++20";
				CLANG_ENABLE_MODULES = YES;
				CLANG_ENABLE_OBJC_ARC = YES;
				CLANG_ENABLE_OBJC_WEAK = YES;
				CLANG_WARN_BLOCK_CAPTURE_AUTORELEASING = YES;
				CLANG_WARN_BOOL_CONVERSION = YES;
				CLANG_WARN_COMMA = YES;
				CLANG_WARN_CONSTANT_CONVERSION = YES;
				CLANG_WARN_DEPRECATED_OBJC_IMPLEMENTATIONS = YES;
				CLANG_WARN_DIRECT_OBJC_ISA_USAGE = YES_ERROR;
				CLANG_WARN_DOCUMENTATION_COMMENTS = YES;
				CLANG_WARN_EMPTY_BODY = YES;
				CLANG_WARN_ENUM_CONVERSION = YES;
				CLANG_WARN_INFINITE_RECURSION = YES;
				CLANG_WARN_INT_CONVERSION = YES;
				CLANG_WARN_NON_LITERAL_NULL_CONVERSION = YES;
				CLANG_WARN_OBJC_IMPLICIT_RETAIN_SELF = YES;
				CLANG_WARN_OBJC_LITERAL_CONVERSION = YES;
				CLANG_WARN_OBJC_ROOT_CLASS = YES_ERROR;
				CLANG_WARN_QUOTED_INCLUDE_IN_FRAMEWORK_HEADER = YES;
				CLANG_WARN_RANGE_LOOP_ANALYSIS = YES;
				CLANG_WARN_STRICT_PROTOTYPES = YES;
				CLANG_WARN_SUSPICIOUS_MOVE = YES;
				CLANG_WARN_UNGUARDED_AVAILABILITY = YES_AGGRESSIVE;
				CLANG_WARN_UNREACHABLE_CODE = YES;
				CLANG_WARN__DUPLICATE_METHOD_MATCH = YES;
				COPY_PHASE_STRIP = NO;
				DEBUG_INFORMATION_FORMAT = dwarf;
				ENABLE_STRICT_OBJC_MSGSEND = YES;
				ENABLE_TESTABILITY = YES;
				ENABLE_USER_SCRIPT_SANDBOXING = YES;
				GCC_C_LANGUAGE_STANDARD = gnu17;
				GCC_DYNAMIC_NO_PIC = NO;
				GCC_NO_COMMON_BLOCKS = YES;
				GCC_OPTIMIZATION_LEVEL = 0;
				GCC_PREPROCESSOR_DEFINITIONS = (
					"DEBUG=1",
					"$(inherited)",
				);
				GCC_WARN_64_TO_32_BIT_CONVERSION = YES;
				GCC_WARN_ABOUT_RETURN_TYPE = YES_ERROR;
				GCC_WARN_UNDECLARED_SELECTOR = YES;
				GCC_WARN_UNINITIALIZED_AUTOS = YES_AGGRESSIVE;
				GCC_WARN_UNUSED_FUNCTION = YES;
				GCC_WARN_UNUSED_VARIABLE = YES;
				IPHONEOS_DEPLOYMENT_TARGET = 18.0;
				LOCALIZATION_PREFERS_STRING_CATALOGS = YES;
				MTL_ENABLE_DEBUG_INFO = INCLUDE_SOURCE;
				MTL_FAST_MATH = YES;
				ONLY_ACTIVE_ARCH = YES;
				SDKROOT = iphoneos;
				SWIFT_ACTIVE_COMPILATION_CONDITIONS = "DEBUG $(inherited)";
				SWIFT_OPTIMIZATION_LEVEL = "-Onone";
			};
			name = Debug;
		};
		CF03268D2CC56E76001B8882 /* Release */ = {
			isa = XCBuildConfiguration;
			buildSettings = {
				ALWAYS_SEARCH_USER_PATHS = NO;
				ASSETCATALOG_COMPILER_GENERATE_SWIFT_ASSET_SYMBOL_EXTENSIONS = YES;
				CLANG_ANALYZER_NONNULL = YES;
				CLANG_ANALYZER_NUMBER_OBJECT_CONVERSION = YES_AGGRESSIVE;
				CLANG_CXX_LANGUAGE_STANDARD = "gnu++20";
				CLANG_ENABLE_MODULES = YES;
				CLANG_ENABLE_OBJC_ARC = YES;
				CLANG_ENABLE_OBJC_WEAK = YES;
				CLANG_WARN_BLOCK_CAPTURE_AUTORELEASING = YES;
				CLANG_WARN_BOOL_CONVERSION = YES;
				CLANG_WARN_COMMA = YES;
				CLANG_WARN_CONSTANT_CONVERSION = YES;
				CLANG_WARN_DEPRECATED_OBJC_IMPLEMENTATIONS = YES;
				CLANG_WARN_DIRECT_OBJC_ISA_USAGE = YES_ERROR;
				CLANG_WARN_DOCUMENTATION_COMMENTS = YES;
				CLANG_WARN_EMPTY_BODY = YES;
				CLANG_WARN_ENUM_CONVERSION = YES;
				CLANG_WARN_INFINITE_RECURSION = YES;
				CLANG_WARN_INT_CONVERSION = YES;
				CLANG_WARN_NON_LITERAL_NULL_CONVERSION = YES;
				CLANG_WARN_OBJC_IMPLICIT_RETAIN_SELF = YES;
				CLANG_WARN_OBJC_LITERAL_CONVERSION = YES;
				CLANG_WARN_OBJC_ROOT_CLASS = YES_ERROR;
				CLANG_WARN_QUOTED_INCLUDE_IN_FRAMEWORK_HEADER = YES;
				CLANG_WARN_RANGE_LOOP_ANALYSIS = YES;
				CLANG_WARN_STRICT_PROTOTYPES = YES;
				CLANG_WARN_SUSPICIOUS_MOVE = YES;
				CLANG_WARN_UNGUARDED_AVAILABILITY = YES_AGGRESSIVE;
				CLANG_WARN_UNREACHABLE_CODE = YES;
				CLANG_WARN__DUPLICATE_METHOD_MATCH = YES;
				COPY_PHASE_STRIP = NO;
				DEBUG_INFORMATION_FORMAT = "dwarf-with-dsym";
				ENABLE_NS_ASSERTIONS = NO;
				ENABLE_STRICT_OBJC_MSGSEND = YES;
				ENABLE_USER_SCRIPT_SANDBOXING = YES;
				GCC_C_LANGUAGE_STANDARD = gnu17;
				GCC_NO_COMMON_BLOCKS = YES;
				GCC_WARN_64_TO_32_BIT_CONVERSION = YES;
				GCC_WARN_ABOUT_RETURN_TYPE = YES_ERROR;
				GCC_WARN_UNDECLARED_SELECTOR = YES;
				GCC_WARN_UNINITIALIZED_AUTOS = YES_AGGRESSIVE;
				GCC_WARN_UNUSED_FUNCTION = YES;
				GCC_WARN_UNUSED_VARIABLE = YES;
				IPHONEOS_DEPLOYMENT_TARGET = 18.0;
				LOCALIZATION_PREFERS_STRING_CATALOGS = YES;
				MTL_ENABLE_DEBUG_INFO = NO;
				MTL_FAST_MATH = YES;
				SDKROOT = iphoneos;
				SWIFT_COMPILATION_MODE = wholemodule;
				VALIDATE_PRODUCT = YES;
			};
			name = Release;
		};
		CF03268F2CC56E76001B8882 /* Debug */ = {
			isa = XCBuildConfiguration;
			buildSettings = {
				ASSETCATALOG_COMPILER_APPICON_NAME = AppIcon;
				ASSETCATALOG_COMPILER_GLOBAL_ACCENT_COLOR_NAME = AccentColor;
				CODE_SIGN_STYLE = Automatic;
				CURRENT_PROJECT_VERSION = 1;
				DEVELOPMENT_ASSET_PATHS = "\"choreChamp-V2/Preview Content\"";
				ENABLE_PREVIEWS = YES;
				GENERATE_INFOPLIST_FILE = YES;
				INFOPLIST_KEY_UIApplicationSceneManifest_Generation = YES;
				INFOPLIST_KEY_UIApplicationSupportsIndirectInputEvents = YES;
				INFOPLIST_KEY_UILaunchScreen_Generation = YES;
				INFOPLIST_KEY_UISupportedInterfaceOrientations_iPad = "UIInterfaceOrientationPortrait UIInterfaceOrientationPortraitUpsideDown UIInterfaceOrientationLandscapeLeft UIInterfaceOrientationLandscapeRight";
				INFOPLIST_KEY_UISupportedInterfaceOrientations_iPhone = "UIInterfaceOrientationPortrait UIInterfaceOrientationLandscapeLeft UIInterfaceOrientationLandscapeRight";
				LD_RUNPATH_SEARCH_PATHS = (
					"$(inherited)",
					"@executable_path/Frameworks",
				);
				MARKETING_VERSION = 1.0;
				PRODUCT_BUNDLE_IDENTIFIER = "Oasis.choreChamp-V2";
				PRODUCT_NAME = "$(TARGET_NAME)";
				SWIFT_EMIT_LOC_STRINGS = YES;
				SWIFT_VERSION = 5.0;
				TARGETED_DEVICE_FAMILY = "1,2";
			};
			name = Debug;
		};
		CF0326902CC56E76001B8882 /* Release */ = {
			isa = XCBuildConfiguration;
			buildSettings = {
				ASSETCATALOG_COMPILER_APPICON_NAME = AppIcon;
				ASSETCATALOG_COMPILER_GLOBAL_ACCENT_COLOR_NAME = AccentColor;
				CODE_SIGN_STYLE = Automatic;
				CURRENT_PROJECT_VERSION = 1;
				DEVELOPMENT_ASSET_PATHS = "\"choreChamp-V2/Preview Content\"";
				ENABLE_PREVIEWS = YES;
				GENERATE_INFOPLIST_FILE = YES;
				INFOPLIST_KEY_UIApplicationSceneManifest_Generation = YES;
				INFOPLIST_KEY_UIApplicationSupportsIndirectInputEvents = YES;
				INFOPLIST_KEY_UILaunchScreen_Generation = YES;
				INFOPLIST_KEY_UISupportedInterfaceOrientations_iPad = "UIInterfaceOrientationPortrait UIInterfaceOrientationPortraitUpsideDown UIInterfaceOrientationLandscapeLeft UIInterfaceOrientationLandscapeRight";
				INFOPLIST_KEY_UISupportedInterfaceOrientations_iPhone = "UIInterfaceOrientationPortrait UIInterfaceOrientationLandscapeLeft UIInterfaceOrientationLandscapeRight";
				LD_RUNPATH_SEARCH_PATHS = (
					"$(inherited)",
					"@executable_path/Frameworks",
				);
				MARKETING_VERSION = 1.0;
				PRODUCT_BUNDLE_IDENTIFIER = "Oasis.choreChamp-V2";
				PRODUCT_NAME = "$(TARGET_NAME)";
				SWIFT_EMIT_LOC_STRINGS = YES;
				SWIFT_VERSION = 5.0;
				TARGETED_DEVICE_FAMILY = "1,2";
			};
			name = Release;
		};
		CF0326922CC56E76001B8882 /* Debug */ = {
			isa = XCBuildConfiguration;
			buildSettings = {
				BUNDLE_LOADER = "$(TEST_HOST)";
				CODE_SIGN_STYLE = Automatic;
				CURRENT_PROJECT_VERSION = 1;
				GENERATE_INFOPLIST_FILE = YES;
				IPHONEOS_DEPLOYMENT_TARGET = 18.0;
				MARKETING_VERSION = 1.0;
				PRODUCT_BUNDLE_IDENTIFIER = "Oasis.choreChamp-V2Tests";
				PRODUCT_NAME = "$(TARGET_NAME)";
				SWIFT_EMIT_LOC_STRINGS = NO;
				SWIFT_VERSION = 5.0;
				TARGETED_DEVICE_FAMILY = "1,2";
				TEST_HOST = "$(BUILT_PRODUCTS_DIR)/choreChamp-V2.app/$(BUNDLE_EXECUTABLE_FOLDER_PATH)/choreChamp-V2";
			};
			name = Debug;
		};
		CF0326932CC56E76001B8882 /* Release */ = {
			isa = XCBuildConfiguration;
			buildSettings = {
				BUNDLE_LOADER = "$(TEST_HOST)";
				CODE_SIGN_STYLE = Automatic;
				CURRENT_PROJECT_VERSION = 1;
				GENERATE_INFOPLIST_FILE = YES;
				IPHONEOS_DEPLOYMENT_TARGET = 18.0;
				MARKETING_VERSION = 1.0;
				PRODUCT_BUNDLE_IDENTIFIER = "Oasis.choreChamp-V2Tests";
				PRODUCT_NAME = "$(TARGET_NAME)";
				SWIFT_EMIT_LOC_STRINGS = NO;
				SWIFT_VERSION = 5.0;
				TARGETED_DEVICE_FAMILY = "1,2";
				TEST_HOST = "$(BUILT_PRODUCTS_DIR)/choreChamp-V2.app/$(BUNDLE_EXECUTABLE_FOLDER_PATH)/choreChamp-V2";
			};
			name = Release;
		};
		CF0326952CC56E76001B8882 /* Debug */ = {
			isa = XCBuildConfiguration;
			buildSettings = {
				CODE_SIGN_STYLE = Automatic;
				CURRENT_PROJECT_VERSION = 1;
				GENERATE_INFOPLIST_FILE = YES;
				MARKETING_VERSION = 1.0;
				PRODUCT_BUNDLE_IDENTIFIER = "Oasis.choreChamp-V2UITests";
				PRODUCT_NAME = "$(TARGET_NAME)";
				SWIFT_EMIT_LOC_STRINGS = NO;
				SWIFT_VERSION = 5.0;
				TARGETED_DEVICE_FAMILY = "1,2";
				TEST_TARGET_NAME = "choreChamp-V2";
			};
			name = Debug;
		};
		CF0326962CC56E76001B8882 /* Release */ = {
			isa = XCBuildConfiguration;
			buildSettings = {
				CODE_SIGN_STYLE = Automatic;
				CURRENT_PROJECT_VERSION = 1;
				GENERATE_INFOPLIST_FILE = YES;
				MARKETING_VERSION = 1.0;
				PRODUCT_BUNDLE_IDENTIFIER = "Oasis.choreChamp-V2UITests";
				PRODUCT_NAME = "$(TARGET_NAME)";
				SWIFT_EMIT_LOC_STRINGS = NO;
				SWIFT_VERSION = 5.0;
				TARGETED_DEVICE_FAMILY = "1,2";
				TEST_TARGET_NAME = "choreChamp-V2";
			};
			name = Release;
		};
/* End XCBuildConfiguration section */

/* Begin XCConfigurationList section */
		CF0326652CC56E75001B8882 /* Build configuration list for PBXProject "choreChamp-V2" */ = {
			isa = XCConfigurationList;
			buildConfigurations = (
				CF03268C2CC56E76001B8882 /* Debug */,
				CF03268D2CC56E76001B8882 /* Release */,
			);
			defaultConfigurationIsVisible = 0;
			defaultConfigurationName = Release;
		};
		CF03268E2CC56E76001B8882 /* Build configuration list for PBXNativeTarget "choreChamp-V2" */ = {
			isa = XCConfigurationList;
			buildConfigurations = (
				CF03268F2CC56E76001B8882 /* Debug */,
				CF0326902CC56E76001B8882 /* Release */,
			);
			defaultConfigurationIsVisible = 0;
			defaultConfigurationName = Release;
		};
		CF0326912CC56E76001B8882 /* Build configuration list for PBXNativeTarget "choreChamp-V2Tests" */ = {
			isa = XCConfigurationList;
			buildConfigurations = (
				CF0326922CC56E76001B8882 /* Debug */,
				CF0326932CC56E76001B8882 /* Release */,
			);
			defaultConfigurationIsVisible = 0;
			defaultConfigurationName = Release;
		};
		CF0326942CC56E76001B8882 /* Build configuration list for PBXNativeTarget "choreChamp-V2UITests" */ = {
			isa = XCConfigurationList;
			buildConfigurations = (
				CF0326952CC56E76001B8882 /* Debug */,
				CF0326962CC56E76001B8882 /* Release */,
			);
			defaultConfigurationIsVisible = 0;
			defaultConfigurationName = Release;
		};
/* End XCConfigurationList section */
	};
	rootObject = CF0326622CC56E75001B8882 /* Project object */;
}
