// !$*UTF8*$!
{
	archiveVersion = 1;
	classes = {
	};
	objectVersion = 77;
	objects = {

/* Begin PBXContainerItemProxy section */
		CFF4B8C82CAF3E440028A3B0 /* PBXContainerItemProxy */ = {
			isa = PBXContainerItemProxy;
			containerPortal = CFF4B8AF2CAF3E420028A3B0 /* Project object */;
			proxyType = 1;
			remoteGlobalIDString = CFF4B8B62CAF3E420028A3B0;
			remoteInfo = "Oasis-front-end";
		};
		CFF4B8D22CAF3E440028A3B0 /* PBXContainerItemProxy */ = {
			isa = PBXContainerItemProxy;
			containerPortal = CFF4B8AF2CAF3E420028A3B0 /* Project object */;
			proxyType = 1;
			remoteGlobalIDString = CFF4B8B62CAF3E420028A3B0;
			remoteInfo = "Oasis-front-end";
		};
/* End PBXContainerItemProxy section */

/* Begin PBXFileReference section */
		CFF4B8B72CAF3E420028A3B0 /* Oasis-front-end.app */ = {isa = PBXFileReference; explicitFileType = wrapper.application; includeInIndex = 0; path = "Oasis-front-end.app"; sourceTree = BUILT_PRODUCTS_DIR; };
		CFF4B8C72CAF3E440028A3B0 /* Oasis-front-endTests.xctest */ = {isa = PBXFileReference; explicitFileType = wrapper.cfbundle; includeInIndex = 0; path = "Oasis-front-endTests.xctest"; sourceTree = BUILT_PRODUCTS_DIR; };
		CFF4B8D12CAF3E440028A3B0 /* Oasis-front-endUITests.xctest */ = {isa = PBXFileReference; explicitFileType = wrapper.cfbundle; includeInIndex = 0; path = "Oasis-front-endUITests.xctest"; sourceTree = BUILT_PRODUCTS_DIR; };
/* End PBXFileReference section */

/* Begin PBXFileSystemSynchronizedRootGroup section */
		CFF4B8B92CAF3E420028A3B0 /* Oasis-front-end */ = {
			isa = PBXFileSystemSynchronizedRootGroup;
			path = "Oasis-front-end";
			sourceTree = "<group>";
		};
		CFF4B8CA2CAF3E440028A3B0 /* Oasis-front-endTests */ = {
			isa = PBXFileSystemSynchronizedRootGroup;
			path = "Oasis-front-endTests";
			sourceTree = "<group>";
		};
		CFF4B8D42CAF3E440028A3B0 /* Oasis-front-endUITests */ = {
			isa = PBXFileSystemSynchronizedRootGroup;
			path = "Oasis-front-endUITests";
			sourceTree = "<group>";
		};
/* End PBXFileSystemSynchronizedRootGroup section */

/* Begin PBXFrameworksBuildPhase section */
		CFF4B8B42CAF3E420028A3B0 /* Frameworks */ = {
			isa = PBXFrameworksBuildPhase;
			buildActionMask = 2147483647;
			files = (
			);
			runOnlyForDeploymentPostprocessing = 0;
		};
		CFF4B8C42CAF3E440028A3B0 /* Frameworks */ = {
			isa = PBXFrameworksBuildPhase;
			buildActionMask = 2147483647;
			files = (
			);
			runOnlyForDeploymentPostprocessing = 0;
		};
		CFF4B8CE2CAF3E440028A3B0 /* Frameworks */ = {
			isa = PBXFrameworksBuildPhase;
			buildActionMask = 2147483647;
			files = (
			);
			runOnlyForDeploymentPostprocessing = 0;
		};
/* End PBXFrameworksBuildPhase section */

/* Begin PBXGroup section */
		CFF4B8AE2CAF3E420028A3B0 = {
			isa = PBXGroup;
			children = (
				CFF4B8B92CAF3E420028A3B0 /* Oasis-front-end */,
				CFF4B8CA2CAF3E440028A3B0 /* Oasis-front-endTests */,
				CFF4B8D42CAF3E440028A3B0 /* Oasis-front-endUITests */,
				CFF4B8B82CAF3E420028A3B0 /* Products */,
			);
			sourceTree = "<group>";
		};
		CFF4B8B82CAF3E420028A3B0 /* Products */ = {
			isa = PBXGroup;
			children = (
				CFF4B8B72CAF3E420028A3B0 /* Oasis-front-end.app */,
				CFF4B8C72CAF3E440028A3B0 /* Oasis-front-endTests.xctest */,
				CFF4B8D12CAF3E440028A3B0 /* Oasis-front-endUITests.xctest */,
			);
			name = Products;
			sourceTree = "<group>";
		};
/* End PBXGroup section */

/* Begin PBXNativeTarget section */
		CFF4B8B62CAF3E420028A3B0 /* Oasis-front-end */ = {
			isa = PBXNativeTarget;
			buildConfigurationList = CFF4B8DB2CAF3E440028A3B0 /* Build configuration list for PBXNativeTarget "Oasis-front-end" */;
			buildPhases = (
				CFF4B8B32CAF3E420028A3B0 /* Sources */,
				CFF4B8B42CAF3E420028A3B0 /* Frameworks */,
				CFF4B8B52CAF3E420028A3B0 /* Resources */,
			);
			buildRules = (
			);
			dependencies = (
			);
			fileSystemSynchronizedGroups = (
				CFF4B8B92CAF3E420028A3B0 /* Oasis-front-end */,
			);
			name = "Oasis-front-end";
			packageProductDependencies = (
			);
			productName = "Oasis-front-end";
			productReference = CFF4B8B72CAF3E420028A3B0 /* Oasis-front-end.app */;
			productType = "com.apple.product-type.application";
		};
		CFF4B8C62CAF3E440028A3B0 /* Oasis-front-endTests */ = {
			isa = PBXNativeTarget;
			buildConfigurationList = CFF4B8DE2CAF3E440028A3B0 /* Build configuration list for PBXNativeTarget "Oasis-front-endTests" */;
			buildPhases = (
				CFF4B8C32CAF3E440028A3B0 /* Sources */,
				CFF4B8C42CAF3E440028A3B0 /* Frameworks */,
				CFF4B8C52CAF3E440028A3B0 /* Resources */,
			);
			buildRules = (
			);
			dependencies = (
				CFF4B8C92CAF3E440028A3B0 /* PBXTargetDependency */,
			);
			fileSystemSynchronizedGroups = (
				CFF4B8CA2CAF3E440028A3B0 /* Oasis-front-endTests */,
			);
			name = "Oasis-front-endTests";
			packageProductDependencies = (
			);
			productName = "Oasis-front-endTests";
			productReference = CFF4B8C72CAF3E440028A3B0 /* Oasis-front-endTests.xctest */;
			productType = "com.apple.product-type.bundle.unit-test";
		};
		CFF4B8D02CAF3E440028A3B0 /* Oasis-front-endUITests */ = {
			isa = PBXNativeTarget;
			buildConfigurationList = CFF4B8E12CAF3E440028A3B0 /* Build configuration list for PBXNativeTarget "Oasis-front-endUITests" */;
			buildPhases = (
				CFF4B8CD2CAF3E440028A3B0 /* Sources */,
				CFF4B8CE2CAF3E440028A3B0 /* Frameworks */,
				CFF4B8CF2CAF3E440028A3B0 /* Resources */,
			);
			buildRules = (
			);
			dependencies = (
				CFF4B8D32CAF3E440028A3B0 /* PBXTargetDependency */,
			);
			fileSystemSynchronizedGroups = (
				CFF4B8D42CAF3E440028A3B0 /* Oasis-front-endUITests */,
			);
			name = "Oasis-front-endUITests";
			packageProductDependencies = (
			);
			productName = "Oasis-front-endUITests";
			productReference = CFF4B8D12CAF3E440028A3B0 /* Oasis-front-endUITests.xctest */;
			productType = "com.apple.product-type.bundle.ui-testing";
		};
/* End PBXNativeTarget section */

/* Begin PBXProject section */
		CFF4B8AF2CAF3E420028A3B0 /* Project object */ = {
			isa = PBXProject;
			attributes = {
				BuildIndependentTargetsInParallel = 1;
				LastSwiftUpdateCheck = 1600;
				LastUpgradeCheck = 1600;
				TargetAttributes = {
					CFF4B8B62CAF3E420028A3B0 = {
						CreatedOnToolsVersion = 16.0;
					};
					CFF4B8C62CAF3E440028A3B0 = {
						CreatedOnToolsVersion = 16.0;
						TestTargetID = CFF4B8B62CAF3E420028A3B0;
					};
					CFF4B8D02CAF3E440028A3B0 = {
						CreatedOnToolsVersion = 16.0;
						TestTargetID = CFF4B8B62CAF3E420028A3B0;
					};
				};
			};
			buildConfigurationList = CFF4B8B22CAF3E420028A3B0 /* Build configuration list for PBXProject "Oasis-front-end" */;
			developmentRegion = en;
			hasScannedForEncodings = 0;
			knownRegions = (
				en,
				Base,
			);
			mainGroup = CFF4B8AE2CAF3E420028A3B0;
			minimizedProjectReferenceProxies = 1;
			preferredProjectObjectVersion = 77;
			productRefGroup = CFF4B8B82CAF3E420028A3B0 /* Products */;
			projectDirPath = "";
			projectRoot = "";
			targets = (
				CFF4B8B62CAF3E420028A3B0 /* Oasis-front-end */,
				CFF4B8C62CAF3E440028A3B0 /* Oasis-front-endTests */,
				CFF4B8D02CAF3E440028A3B0 /* Oasis-front-endUITests */,
			);
		};
/* End PBXProject section */

/* Begin PBXResourcesBuildPhase section */
		CFF4B8B52CAF3E420028A3B0 /* Resources */ = {
			isa = PBXResourcesBuildPhase;
			buildActionMask = 2147483647;
			files = (
			);
			runOnlyForDeploymentPostprocessing = 0;
		};
		CFF4B8C52CAF3E440028A3B0 /* Resources */ = {
			isa = PBXResourcesBuildPhase;
			buildActionMask = 2147483647;
			files = (
			);
			runOnlyForDeploymentPostprocessing = 0;
		};
		CFF4B8CF2CAF3E440028A3B0 /* Resources */ = {
			isa = PBXResourcesBuildPhase;
			buildActionMask = 2147483647;
			files = (
			);
			runOnlyForDeploymentPostprocessing = 0;
		};
/* End PBXResourcesBuildPhase section */

/* Begin PBXSourcesBuildPhase section */
		CFF4B8B32CAF3E420028A3B0 /* Sources */ = {
			isa = PBXSourcesBuildPhase;
			buildActionMask = 2147483647;
			files = (
			);
			runOnlyForDeploymentPostprocessing = 0;
		};
		CFF4B8C32CAF3E440028A3B0 /* Sources */ = {
			isa = PBXSourcesBuildPhase;
			buildActionMask = 2147483647;
			files = (
			);
			runOnlyForDeploymentPostprocessing = 0;
		};
		CFF4B8CD2CAF3E440028A3B0 /* Sources */ = {
			isa = PBXSourcesBuildPhase;
			buildActionMask = 2147483647;
			files = (
			);
			runOnlyForDeploymentPostprocessing = 0;
		};
/* End PBXSourcesBuildPhase section */

/* Begin PBXTargetDependency section */
		CFF4B8C92CAF3E440028A3B0 /* PBXTargetDependency */ = {
			isa = PBXTargetDependency;
			target = CFF4B8B62CAF3E420028A3B0 /* Oasis-front-end */;
			targetProxy = CFF4B8C82CAF3E440028A3B0 /* PBXContainerItemProxy */;
		};
		CFF4B8D32CAF3E440028A3B0 /* PBXTargetDependency */ = {
			isa = PBXTargetDependency;
			target = CFF4B8B62CAF3E420028A3B0 /* Oasis-front-end */;
			targetProxy = CFF4B8D22CAF3E440028A3B0 /* PBXContainerItemProxy */;
		};
/* End PBXTargetDependency section */

/* Begin XCBuildConfiguration section */
		CFF4B8D92CAF3E440028A3B0 /* Debug */ = {
			isa = XCBuildConfiguration;
			buildSettings = {
				ALWAYS_SEARCH_USER_PATHS = NO;
				ASSETCATALOG_COMPILER_GENERATE_SWIFT_ASSET_SYMBOL_EXTENSIONS = YES;
				CLANG_ANALYZER_NONNULL = YES;
				CLANG_ANALYZER_NUMBER_OBJECT_CONVERSION = YES_AGGRESSIVE;
				CLANG_CXX_LANGUAGE_STANDARD = "gnu++20";
				CLANG_ENABLE_MODULES = YES;
				CLANG_ENABLE_OBJC_ARC = YES;
				CLANG_ENABLE_OBJC_WEAK = YES;
				CLANG_WARN_BLOCK_CAPTURE_AUTORELEASING = YES;
				CLANG_WARN_BOOL_CONVERSION = YES;
				CLANG_WARN_COMMA = YES;
				CLANG_WARN_CONSTANT_CONVERSION = YES;
				CLANG_WARN_DEPRECATED_OBJC_IMPLEMENTATIONS = YES;
				CLANG_WARN_DIRECT_OBJC_ISA_USAGE = YES_ERROR;
				CLANG_WARN_DOCUMENTATION_COMMENTS = YES;
				CLANG_WARN_EMPTY_BODY = YES;
				CLANG_WARN_ENUM_CONVERSION = YES;
				CLANG_WARN_INFINITE_RECURSION = YES;
				CLANG_WARN_INT_CONVERSION = YES;
				CLANG_WARN_NON_LITERAL_NULL_CONVERSION = YES;
				CLANG_WARN_OBJC_IMPLICIT_RETAIN_SELF = YES;
				CLANG_WARN_OBJC_LITERAL_CONVERSION = YES;
				CLANG_WARN_OBJC_ROOT_CLASS = YES_ERROR;
				CLANG_WARN_QUOTED_INCLUDE_IN_FRAMEWORK_HEADER = YES;
				CLANG_WARN_RANGE_LOOP_ANALYSIS = YES;
				CLANG_WARN_STRICT_PROTOTYPES = YES;
				CLANG_WARN_SUSPICIOUS_MOVE = YES;
				CLANG_WARN_UNGUARDED_AVAILABILITY = YES_AGGRESSIVE;
				CLANG_WARN_UNREACHABLE_CODE = YES;
				CLANG_WARN__DUPLICATE_METHOD_MATCH = YES;
				COPY_PHASE_STRIP = NO;
				DEBUG_INFORMATION_FORMAT = dwarf;
				ENABLE_STRICT_OBJC_MSGSEND = YES;
				ENABLE_TESTABILITY = YES;
				ENABLE_USER_SCRIPT_SANDBOXING = YES;
				GCC_C_LANGUAGE_STANDARD = gnu17;
				GCC_DYNAMIC_NO_PIC = NO;
				GCC_NO_COMMON_BLOCKS = YES;
				GCC_OPTIMIZATION_LEVEL = 0;
				GCC_PREPROCESSOR_DEFINITIONS = (
					"DEBUG=1",
					"$(inherited)",
				);
				GCC_WARN_64_TO_32_BIT_CONVERSION = YES;
				GCC_WARN_ABOUT_RETURN_TYPE = YES_ERROR;
				GCC_WARN_UNDECLARED_SELECTOR = YES;
				GCC_WARN_UNINITIALIZED_AUTOS = YES_AGGRESSIVE;
				GCC_WARN_UNUSED_FUNCTION = YES;
				GCC_WARN_UNUSED_VARIABLE = YES;
				IPHONEOS_DEPLOYMENT_TARGET = 18.0;
				LOCALIZATION_PREFERS_STRING_CATALOGS = YES;
				MTL_ENABLE_DEBUG_INFO = INCLUDE_SOURCE;
				MTL_FAST_MATH = YES;
				ONLY_ACTIVE_ARCH = YES;
				SDKROOT = iphoneos;
				SWIFT_ACTIVE_COMPILATION_CONDITIONS = "DEBUG $(inherited)";
				SWIFT_OPTIMIZATION_LEVEL = "-Onone";
			};
			name = Debug;
		};
		CFF4B8DA2CAF3E440028A3B0 /* Release */ = {
			isa = XCBuildConfiguration;
			buildSettings = {
				ALWAYS_SEARCH_USER_PATHS = NO;
				ASSETCATALOG_COMPILER_GENERATE_SWIFT_ASSET_SYMBOL_EXTENSIONS = YES;
				CLANG_ANALYZER_NONNULL = YES;
				CLANG_ANALYZER_NUMBER_OBJECT_CONVERSION = YES_AGGRESSIVE;
				CLANG_CXX_LANGUAGE_STANDARD = "gnu++20";
				CLANG_ENABLE_MODULES = YES;
				CLANG_ENABLE_OBJC_ARC = YES;
				CLANG_ENABLE_OBJC_WEAK = YES;
				CLANG_WARN_BLOCK_CAPTURE_AUTORELEASING = YES;
				CLANG_WARN_BOOL_CONVERSION = YES;
				CLANG_WARN_COMMA = YES;
				CLANG_WARN_CONSTANT_CONVERSION = YES;
				CLANG_WARN_DEPRECATED_OBJC_IMPLEMENTATIONS = YES;
				CLANG_WARN_DIRECT_OBJC_ISA_USAGE = YES_ERROR;
				CLANG_WARN_DOCUMENTATION_COMMENTS = YES;
				CLANG_WARN_EMPTY_BODY = YES;
				CLANG_WARN_ENUM_CONVERSION = YES;
				CLANG_WARN_INFINITE_RECURSION = YES;
				CLANG_WARN_INT_CONVERSION = YES;
				CLANG_WARN_NON_LITERAL_NULL_CONVERSION = YES;
				CLANG_WARN_OBJC_IMPLICIT_RETAIN_SELF = YES;
				CLANG_WARN_OBJC_LITERAL_CONVERSION = YES;
				CLANG_WARN_OBJC_ROOT_CLASS = YES_ERROR;
				CLANG_WARN_QUOTED_INCLUDE_IN_FRAMEWORK_HEADER = YES;
				CLANG_WARN_RANGE_LOOP_ANALYSIS = YES;
				CLANG_WARN_STRICT_PROTOTYPES = YES;
				CLANG_WARN_SUSPICIOUS_MOVE = YES;
				CLANG_WARN_UNGUARDED_AVAILABILITY = YES_AGGRESSIVE;
				CLANG_WARN_UNREACHABLE_CODE = YES;
				CLANG_WARN__DUPLICATE_METHOD_MATCH = YES;
				COPY_PHASE_STRIP = NO;
				DEBUG_INFORMATION_FORMAT = "dwarf-with-dsym";
				ENABLE_NS_ASSERTIONS = NO;
				ENABLE_STRICT_OBJC_MSGSEND = YES;
				ENABLE_USER_SCRIPT_SANDBOXING = YES;
				GCC_C_LANGUAGE_STANDARD = gnu17;
				GCC_NO_COMMON_BLOCKS = YES;
				GCC_WARN_64_TO_32_BIT_CONVERSION = YES;
				GCC_WARN_ABOUT_RETURN_TYPE = YES_ERROR;
				GCC_WARN_UNDECLARED_SELECTOR = YES;
				GCC_WARN_UNINITIALIZED_AUTOS = YES_AGGRESSIVE;
				GCC_WARN_UNUSED_FUNCTION = YES;
				GCC_WARN_UNUSED_VARIABLE = YES;
				IPHONEOS_DEPLOYMENT_TARGET = 18.0;
				LOCALIZATION_PREFERS_STRING_CATALOGS = YES;
				MTL_ENABLE_DEBUG_INFO = NO;
				MTL_FAST_MATH = YES;
				SDKROOT = iphoneos;
				SWIFT_COMPILATION_MODE = wholemodule;
				VALIDATE_PRODUCT = YES;
			};
			name = Release;
		};
		CFF4B8DC2CAF3E440028A3B0 /* Debug */ = {
			isa = XCBuildConfiguration;
			buildSettings = {
				ASSETCATALOG_COMPILER_APPICON_NAME = AppIcon;
				ASSETCATALOG_COMPILER_GLOBAL_ACCENT_COLOR_NAME = AccentColor;
				CODE_SIGN_STYLE = Automatic;
				CURRENT_PROJECT_VERSION = 1;
				DEVELOPMENT_ASSET_PATHS = "\"Oasis-front-end/Preview Content\"";
				ENABLE_PREVIEWS = YES;
				GENERATE_INFOPLIST_FILE = YES;
				INFOPLIST_KEY_UIApplicationSceneManifest_Generation = YES;
				INFOPLIST_KEY_UIApplicationSupportsIndirectInputEvents = YES;
				INFOPLIST_KEY_UILaunchScreen_Generation = YES;
				INFOPLIST_KEY_UISupportedInterfaceOrientations_iPad = "UIInterfaceOrientationPortrait UIInterfaceOrientationPortraitUpsideDown UIInterfaceOrientationLandscapeLeft UIInterfaceOrientationLandscapeRight";
				INFOPLIST_KEY_UISupportedInterfaceOrientations_iPhone = "UIInterfaceOrientationPortrait UIInterfaceOrientationLandscapeLeft UIInterfaceOrientationLandscapeRight";
				LD_RUNPATH_SEARCH_PATHS = (
					"$(inherited)",
					"@executable_path/Frameworks",
				);
				MARKETING_VERSION = 1.0;
				PRODUCT_BUNDLE_IDENTIFIER = "Oasis.Oasis-front-end";
				PRODUCT_NAME = "$(TARGET_NAME)";
				SWIFT_EMIT_LOC_STRINGS = YES;
				SWIFT_VERSION = 5.0;
				TARGETED_DEVICE_FAMILY = "1,2";
			};
			name = Debug;
		};
		CFF4B8DD2CAF3E440028A3B0 /* Release */ = {
			isa = XCBuildConfiguration;
			buildSettings = {
				ASSETCATALOG_COMPILER_APPICON_NAME = AppIcon;
				ASSETCATALOG_COMPILER_GLOBAL_ACCENT_COLOR_NAME = AccentColor;
				CODE_SIGN_STYLE = Automatic;
				CURRENT_PROJECT_VERSION = 1;
				DEVELOPMENT_ASSET_PATHS = "\"Oasis-front-end/Preview Content\"";
				ENABLE_PREVIEWS = YES;
				GENERATE_INFOPLIST_FILE = YES;
				INFOPLIST_KEY_UIApplicationSceneManifest_Generation = YES;
				INFOPLIST_KEY_UIApplicationSupportsIndirectInputEvents = YES;
				INFOPLIST_KEY_UILaunchScreen_Generation = YES;
				INFOPLIST_KEY_UISupportedInterfaceOrientations_iPad = "UIInterfaceOrientationPortrait UIInterfaceOrientationPortraitUpsideDown UIInterfaceOrientationLandscapeLeft UIInterfaceOrientationLandscapeRight";
				INFOPLIST_KEY_UISupportedInterfaceOrientations_iPhone = "UIInterfaceOrientationPortrait UIInterfaceOrientationLandscapeLeft UIInterfaceOrientationLandscapeRight";
				LD_RUNPATH_SEARCH_PATHS = (
					"$(inherited)",
					"@executable_path/Frameworks",
				);
				MARKETING_VERSION = 1.0;
				PRODUCT_BUNDLE_IDENTIFIER = "Oasis.Oasis-front-end";
				PRODUCT_NAME = "$(TARGET_NAME)";
				SWIFT_EMIT_LOC_STRINGS = YES;
				SWIFT_VERSION = 5.0;
				TARGETED_DEVICE_FAMILY = "1,2";
			};
			name = Release;
		};
		CFF4B8DF2CAF3E440028A3B0 /* Debug */ = {
			isa = XCBuildConfiguration;
			buildSettings = {
				BUNDLE_LOADER = "$(TEST_HOST)";
				CODE_SIGN_STYLE = Automatic;
				CURRENT_PROJECT_VERSION = 1;
				GENERATE_INFOPLIST_FILE = YES;
				IPHONEOS_DEPLOYMENT_TARGET = 18.0;
				MARKETING_VERSION = 1.0;
				PRODUCT_BUNDLE_IDENTIFIER = "Oasis.Oasis-front-endTests";
				PRODUCT_NAME = "$(TARGET_NAME)";
				SWIFT_EMIT_LOC_STRINGS = NO;
				SWIFT_VERSION = 5.0;
				TARGETED_DEVICE_FAMILY = "1,2";
				TEST_HOST = "$(BUILT_PRODUCTS_DIR)/Oasis-front-end.app/$(BUNDLE_EXECUTABLE_FOLDER_PATH)/Oasis-front-end";
			};
			name = Debug;
		};
		CFF4B8E02CAF3E440028A3B0 /* Release */ = {
			isa = XCBuildConfiguration;
			buildSettings = {
				BUNDLE_LOADER = "$(TEST_HOST)";
				CODE_SIGN_STYLE = Automatic;
				CURRENT_PROJECT_VERSION = 1;
				GENERATE_INFOPLIST_FILE = YES;
				IPHONEOS_DEPLOYMENT_TARGET = 18.0;
				MARKETING_VERSION = 1.0;
				PRODUCT_BUNDLE_IDENTIFIER = "Oasis.Oasis-front-endTests";
				PRODUCT_NAME = "$(TARGET_NAME)";
				SWIFT_EMIT_LOC_STRINGS = NO;
				SWIFT_VERSION = 5.0;
				TARGETED_DEVICE_FAMILY = "1,2";
				TEST_HOST = "$(BUILT_PRODUCTS_DIR)/Oasis-front-end.app/$(BUNDLE_EXECUTABLE_FOLDER_PATH)/Oasis-front-end";
			};
			name = Release;
		};
		CFF4B8E22CAF3E440028A3B0 /* Debug */ = {
			isa = XCBuildConfiguration;
			buildSettings = {
				CODE_SIGN_STYLE = Automatic;
				CURRENT_PROJECT_VERSION = 1;
				GENERATE_INFOPLIST_FILE = YES;
				MARKETING_VERSION = 1.0;
				PRODUCT_BUNDLE_IDENTIFIER = "Oasis.Oasis-front-endUITests";
				PRODUCT_NAME = "$(TARGET_NAME)";
				SWIFT_EMIT_LOC_STRINGS = NO;
				SWIFT_VERSION = 5.0;
				TARGETED_DEVICE_FAMILY = "1,2";
				TEST_TARGET_NAME = "Oasis-front-end";
			};
			name = Debug;
		};
		CFF4B8E32CAF3E440028A3B0 /* Release */ = {
			isa = XCBuildConfiguration;
			buildSettings = {
				CODE_SIGN_STYLE = Automatic;
				CURRENT_PROJECT_VERSION = 1;
				GENERATE_INFOPLIST_FILE = YES;
				MARKETING_VERSION = 1.0;
				PRODUCT_BUNDLE_IDENTIFIER = "Oasis.Oasis-front-endUITests";
				PRODUCT_NAME = "$(TARGET_NAME)";
				SWIFT_EMIT_LOC_STRINGS = NO;
				SWIFT_VERSION = 5.0;
				TARGETED_DEVICE_FAMILY = "1,2";
				TEST_TARGET_NAME = "Oasis-front-end";
			};
			name = Release;
		};
/* End XCBuildConfiguration section */

/* Begin XCConfigurationList section */
		CFF4B8B22CAF3E420028A3B0 /* Build configuration list for PBXProject "Oasis-front-end" */ = {
			isa = XCConfigurationList;
			buildConfigurations = (
				CFF4B8D92CAF3E440028A3B0 /* Debug */,
				CFF4B8DA2CAF3E440028A3B0 /* Release */,
			);
			defaultConfigurationIsVisible = 0;
			defaultConfigurationName = Release;
		};
		CFF4B8DB2CAF3E440028A3B0 /* Build configuration list for PBXNativeTarget "Oasis-front-end" */ = {
			isa = XCConfigurationList;
			buildConfigurations = (
				CFF4B8DC2CAF3E440028A3B0 /* Debug */,
				CFF4B8DD2CAF3E440028A3B0 /* Release */,
			);
			defaultConfigurationIsVisible = 0;
			defaultConfigurationName = Release;
		};
		CFF4B8DE2CAF3E440028A3B0 /* Build configuration list for PBXNativeTarget "Oasis-front-endTests" */ = {
			isa = XCConfigurationList;
			buildConfigurations = (
				CFF4B8DF2CAF3E440028A3B0 /* Debug */,
				CFF4B8E02CAF3E440028A3B0 /* Release */,
			);
			defaultConfigurationIsVisible = 0;
			defaultConfigurationName = Release;
		};
		CFF4B8E12CAF3E440028A3B0 /* Build configuration list for PBXNativeTarget "Oasis-front-endUITests" */ = {
			isa = XCConfigurationList;
			buildConfigurations = (
				CFF4B8E22CAF3E440028A3B0 /* Debug */,
				CFF4B8E32CAF3E440028A3B0 /* Release */,
			);
			defaultConfigurationIsVisible = 0;
			defaultConfigurationName = Release;
		};
/* End XCConfigurationList section */
	};
	rootObject = CFF4B8AF2CAF3E420028A3B0 /* Project object */;
}
